
Microsoft Visual Studio Solution File, Format Version 12.00
# Visual Studio Version 17
VisualStudioVersion = 17.3.32819.101
MinimumVisualStudioVersion = 10.0.40219.1
Project("{FAE04EC0-301F-11D3-BF4B-00C04F79EFBC}") = "Claire", "Claire\Claire.csproj", "{50B16CC7-8298-4E59-82BB-6DCEB88D03BE}"
EndProject
Global
	GlobalSection(SolutionConfigurationPlatforms) = preSolution
		Debug|Any CPU = Debug|Any CPU
		Release|Any CPU = Release|Any CPU
	EndGlobalSection
	GlobalSection(ProjectConfigurationPlatforms) = postSolution
		{50B16CC7-8298-4E59-82BB-6DCEB88D03BE}.Debug|Any CPU.ActiveCfg = Debug|Any CPU
		{50B16CC7-8298-4E59-82BB-6DCEB88D03BE}.Debug|Any CPU.Build.0 = Debug|Any CPU
		{50B16CC7-8298-4E59-82BB-6DCEB88D03BE}.Release|Any CPU.ActiveCfg = Release|Any CPU
		{50B16CC7-8298-4E59-82BB-6DCEB88D03BE}.Release|Any CPU.Build.0 = Release|Any CPU
	EndGlobalSection
	GlobalSection(SolutionProperties) = preSolution
		HideSolutionNode = FALSE
	EndGlobalSection
	GlobalSection(ExtensibilityGlobals) = postSolution
		SolutionGuid = {A7E3FB33-A0BB-4930-83CE-E8EF590E8DAC}
	EndGlobalSection
EndGlobal
